
Microsoft Visual Studio Solution File, Format Version 12.00
# Visual Studio Version 17
VisualStudioVersion = 17.7.34031.279
MinimumVisualStudioVersion = 10.0.40219.1
Project("{FAE04EC0-301F-11D3-BF4B-00C04F79EFBC}") = "Methods_Miller_Gabriella", "Methods_Miller_Gabriella\Methods_Miller_Gabriella.csproj", "{93E22E66-B854-470A-9BB0-AD0E2B374EFD}"
EndProject
Global
	GlobalSection(SolutionConfigurationPlatforms) = preSolution
		Debug|Any CPU = Debug|Any CPU
		Release|Any CPU = Release|Any CPU
	EndGlobalSection
	GlobalSection(ProjectConfigurationPlatforms) = postSolution
		{93E22E66-B854-470A-9BB0-AD0E2B374EFD}.Debug|Any CPU.ActiveCfg = Debug|Any CPU
		{93E22E66-B854-470A-9BB0-AD0E2B374EFD}.Debug|Any CPU.Build.0 = Debug|Any CPU
		{93E22E66-B854-470A-9BB0-AD0E2B374EFD}.Release|Any CPU.ActiveCfg = Release|Any CPU
		{93E22E66-B854-470A-9BB0-AD0E2B374EFD}.Release|Any CPU.Build.0 = Release|Any CPU
	EndGlobalSection
	GlobalSection(SolutionProperties) = preSolution
		HideSolutionNode = FALSE
	EndGlobalSection
	GlobalSection(ExtensibilityGlobals) = postSolution
		SolutionGuid = {8B908D16-DFB3-479B-BDE0-425712D13DA5}
	EndGlobalSection
EndGlobal
